# THIS IS AN AUTOGENERATED FILE. DO NOT EDIT THIS FILE DIRECTLY.
# yarn lockfile v1


clientjs@^0.1.11:
  version "0.1.11"
  resolved "https://registry.yarnpkg.com/clientjs/-/clientjs-0.1.11.tgz#466e1b13c229a3cbbd8484f98531dcd658f81054"

shaka-player@^2.1.5:
  version "2.1.5"
  resolved "https://registry.yarnpkg.com/shaka-player/-/shaka-player-2.1.5.tgz#d4a928526f940319d5a4959296285a3269806a07"
